
Microsoft Visual Studio Solution File, Format Version 12.00
# Visual Studio 15
VisualStudioVersion = 15.0.26228.4
MinimumVisualStudioVersion = 10.0.40219.1
Project("{8BC9CEB8-8B4A-11D0-8D11-00A0C91BC942}") = "Lab3", "Lab3\Lab3.vcxproj", "{983C6C9C-043D-4521-B7C4-8F1AFF80F710}"
EndProject
Project("{8BC9CEB8-8B4A-11D0-8D11-00A0C91BC942}") = "generator", "generator\generator.vcxproj", "{FD3EBF81-C21E-4A6D-8720-B3F3CF2E97F3}"
EndProject
Project("{8BC9CEB8-8B4A-11D0-8D11-00A0C91BC942}") = "checker", "checker\checker.vcxproj", "{2477DC62-DB04-485A-82EE-82AED25C9572}"
EndProject
Project("{8BC9CEB8-8B4A-11D0-8D11-00A0C91BC942}") = "viwer", "viwer\viwer.vcxproj", "{0DB2D671-B3D7-41B0-BB98-C9C82EF7643A}"
EndProject
Project("{8BC9CEB8-8B4A-11D0-8D11-00A0C91BC942}") = "typer", "typer\typer.vcxproj", "{ADE89A41-9549-4ED5-8710-B7D943BF7DC4}"
EndProject
Global
	GlobalSection(SolutionConfigurationPlatforms) = preSolution
		Debug|x64 = Debug|x64
		Debug|x86 = Debug|x86
		Release|x64 = Release|x64
		Release|x86 = Release|x86
	EndGlobalSection
	GlobalSection(ProjectConfigurationPlatforms) = postSolution
		{983C6C9C-043D-4521-B7C4-8F1AFF80F710}.Debug|x64.ActiveCfg = Debug|x64
		{983C6C9C-043D-4521-B7C4-8F1AFF80F710}.Debug|x64.Build.0 = Debug|x64
		{983C6C9C-043D-4521-B7C4-8F1AFF80F710}.Debug|x86.ActiveCfg = Debug|Win32
		{983C6C9C-043D-4521-B7C4-8F1AFF80F710}.Debug|x86.Build.0 = Debug|Win32
		{983C6C9C-043D-4521-B7C4-8F1AFF80F710}.Release|x64.ActiveCfg = Release|x64
		{983C6C9C-043D-4521-B7C4-8F1AFF80F710}.Release|x64.Build.0 = Release|x64
		{983C6C9C-043D-4521-B7C4-8F1AFF80F710}.Release|x86.ActiveCfg = Release|Win32
		{983C6C9C-043D-4521-B7C4-8F1AFF80F710}.Release|x86.Build.0 = Release|Win32
		{FD3EBF81-C21E-4A6D-8720-B3F3CF2E97F3}.Debug|x64.ActiveCfg = Debug|x64
		{FD3EBF81-C21E-4A6D-8720-B3F3CF2E97F3}.Debug|x64.Build.0 = Debug|x64
		{FD3EBF81-C21E-4A6D-8720-B3F3CF2E97F3}.Debug|x86.ActiveCfg = Debug|Win32
		{FD3EBF81-C21E-4A6D-8720-B3F3CF2E97F3}.Debug|x86.Build.0 = Debug|Win32
		{FD3EBF81-C21E-4A6D-8720-B3F3CF2E97F3}.Release|x64.ActiveCfg = Release|x64
		{FD3EBF81-C21E-4A6D-8720-B3F3CF2E97F3}.Release|x64.Build.0 = Release|x64
		{FD3EBF81-C21E-4A6D-8720-B3F3CF2E97F3}.Release|x86.ActiveCfg = Release|Win32
		{FD3EBF81-C21E-4A6D-8720-B3F3CF2E97F3}.Release|x86.Build.0 = Release|Win32
		{2477DC62-DB04-485A-82EE-82AED25C9572}.Debug|x64.ActiveCfg = Debug|x64
		{2477DC62-DB04-485A-82EE-82AED25C9572}.Debug|x64.Build.0 = Debug|x64
		{2477DC62-DB04-485A-82EE-82AED25C9572}.Debug|x86.ActiveCfg = Debug|Win32
		{2477DC62-DB04-485A-82EE-82AED25C9572}.Debug|x86.Build.0 = Debug|Win32
		{2477DC62-DB04-485A-82EE-82AED25C9572}.Release|x64.ActiveCfg = Release|x64
		{2477DC62-DB04-485A-82EE-82AED25C9572}.Release|x64.Build.0 = Release|x64
		{2477DC62-DB04-485A-82EE-82AED25C9572}.Release|x86.ActiveCfg = Release|Win32
		{2477DC62-DB04-485A-82EE-82AED25C9572}.Release|x86.Build.0 = Release|Win32
		{0DB2D671-B3D7-41B0-BB98-C9C82EF7643A}.Debug|x64.ActiveCfg = Debug|x64
		{0DB2D671-B3D7-41B0-BB98-C9C82EF7643A}.Debug|x64.Build.0 = Debug|x64
		{0DB2D671-B3D7-41B0-BB98-C9C82EF7643A}.Debug|x86.ActiveCfg = Debug|Win32
		{0DB2D671-B3D7-41B0-BB98-C9C82EF7643A}.Debug|x86.Build.0 = Debug|Win32
		{0DB2D671-B3D7-41B0-BB98-C9C82EF7643A}.Release|x64.ActiveCfg = Release|x64
		{0DB2D671-B3D7-41B0-BB98-C9C82EF7643A}.Release|x64.Build.0 = Release|x64
		{0DB2D671-B3D7-41B0-BB98-C9C82EF7643A}.Release|x86.ActiveCfg = Release|Win32
		{0DB2D671-B3D7-41B0-BB98-C9C82EF7643A}.Release|x86.Build.0 = Release|Win32
		{ADE89A41-9549-4ED5-8710-B7D943BF7DC4}.Debug|x64.ActiveCfg = Debug|x64
		{ADE89A41-9549-4ED5-8710-B7D943BF7DC4}.Debug|x64.Build.0 = Debug|x64
		{ADE89A41-9549-4ED5-8710-B7D943BF7DC4}.Debug|x86.ActiveCfg = Debug|Win32
		{ADE89A41-9549-4ED5-8710-B7D943BF7DC4}.Debug|x86.Build.0 = Debug|Win32
		{ADE89A41-9549-4ED5-8710-B7D943BF7DC4}.Release|x64.ActiveCfg = Release|x64
		{ADE89A41-9549-4ED5-8710-B7D943BF7DC4}.Release|x64.Build.0 = Release|x64
		{ADE89A41-9549-4ED5-8710-B7D943BF7DC4}.Release|x86.ActiveCfg = Release|Win32
		{ADE89A41-9549-4ED5-8710-B7D943BF7DC4}.Release|x86.Build.0 = Release|Win32
	EndGlobalSection
	GlobalSection(SolutionProperties) = preSolution
		HideSolutionNode = FALSE
	EndGlobalSection
EndGlobal
