
Microsoft Visual Studio Solution File, Format Version 12.00
# Visual Studio 15
VisualStudioVersion = 15.0.27130.2036
MinimumVisualStudioVersion = 10.0.40219.1
Project("{8BC9CEB8-8B4A-11D0-8D11-00A0C91BC942}") = "Lab1_v1", "Lab1_v1\Lab1_v1.vcxproj", "{7E9FF1B3-6D3B-403F-A4E3-A6FE01D076B3}"
EndProject
Project("{8BC9CEB8-8B4A-11D0-8D11-00A0C91BC942}") = "Generator_v1", "Generator_v1\Generator_v1.vcxproj", "{6A25FC6D-EC10-4377-AB44-F5935950919D}"
EndProject
Project("{8BC9CEB8-8B4A-11D0-8D11-00A0C91BC942}") = "Checker_v1", "Checker_v1\Checker_v1.vcxproj", "{8A665F99-B43A-4753-BB6F-8A6860DEDB12}"
EndProject
Project("{8BC9CEB8-8B4A-11D0-8D11-00A0C91BC942}") = "Typer_v1", "Typer_v1\Typer_v1.vcxproj", "{19C05B9E-8966-4957-83ED-C205BDE9BEE9}"
EndProject
Project("{8BC9CEB8-8B4A-11D0-8D11-00A0C91BC942}") = "Viewer_v1", "Viewer_v1\Viewer_v1.vcxproj", "{72F18DD4-72D2-4D02-9B0C-99C155C75A79}"
EndProject
Project("{8BC9CEB8-8B4A-11D0-8D11-00A0C91BC942}") = "Checker_v2", "Checker_v2\Checker_v2.vcxproj", "{ED74A44A-DF67-434A-AAD6-722839BDF03B}"
EndProject
Global
	GlobalSection(SolutionConfigurationPlatforms) = preSolution
		Debug|x64 = Debug|x64
		Debug|x86 = Debug|x86
		Release|x64 = Release|x64
		Release|x86 = Release|x86
	EndGlobalSection
	GlobalSection(ProjectConfigurationPlatforms) = postSolution
		{7E9FF1B3-6D3B-403F-A4E3-A6FE01D076B3}.Debug|x64.ActiveCfg = Debug|x64
		{7E9FF1B3-6D3B-403F-A4E3-A6FE01D076B3}.Debug|x64.Build.0 = Debug|x64
		{7E9FF1B3-6D3B-403F-A4E3-A6FE01D076B3}.Debug|x86.ActiveCfg = Debug|Win32
		{7E9FF1B3-6D3B-403F-A4E3-A6FE01D076B3}.Debug|x86.Build.0 = Debug|Win32
		{7E9FF1B3-6D3B-403F-A4E3-A6FE01D076B3}.Release|x64.ActiveCfg = Release|x64
		{7E9FF1B3-6D3B-403F-A4E3-A6FE01D076B3}.Release|x64.Build.0 = Release|x64
		{7E9FF1B3-6D3B-403F-A4E3-A6FE01D076B3}.Release|x86.ActiveCfg = Release|Win32
		{7E9FF1B3-6D3B-403F-A4E3-A6FE01D076B3}.Release|x86.Build.0 = Release|Win32
		{6A25FC6D-EC10-4377-AB44-F5935950919D}.Debug|x64.ActiveCfg = Debug|x64
		{6A25FC6D-EC10-4377-AB44-F5935950919D}.Debug|x64.Build.0 = Debug|x64
		{6A25FC6D-EC10-4377-AB44-F5935950919D}.Debug|x86.ActiveCfg = Debug|Win32
		{6A25FC6D-EC10-4377-AB44-F5935950919D}.Debug|x86.Build.0 = Debug|Win32
		{6A25FC6D-EC10-4377-AB44-F5935950919D}.Release|x64.ActiveCfg = Release|x64
		{6A25FC6D-EC10-4377-AB44-F5935950919D}.Release|x64.Build.0 = Release|x64
		{6A25FC6D-EC10-4377-AB44-F5935950919D}.Release|x86.ActiveCfg = Release|Win32
		{6A25FC6D-EC10-4377-AB44-F5935950919D}.Release|x86.Build.0 = Release|Win32
		{8A665F99-B43A-4753-BB6F-8A6860DEDB12}.Debug|x64.ActiveCfg = Debug|x64
		{8A665F99-B43A-4753-BB6F-8A6860DEDB12}.Debug|x64.Build.0 = Debug|x64
		{8A665F99-B43A-4753-BB6F-8A6860DEDB12}.Debug|x86.ActiveCfg = Debug|Win32
		{8A665F99-B43A-4753-BB6F-8A6860DEDB12}.Debug|x86.Build.0 = Debug|Win32
		{8A665F99-B43A-4753-BB6F-8A6860DEDB12}.Release|x64.ActiveCfg = Release|x64
		{8A665F99-B43A-4753-BB6F-8A6860DEDB12}.Release|x64.Build.0 = Release|x64
		{8A665F99-B43A-4753-BB6F-8A6860DEDB12}.Release|x86.ActiveCfg = Release|Win32
		{8A665F99-B43A-4753-BB6F-8A6860DEDB12}.Release|x86.Build.0 = Release|Win32
		{19C05B9E-8966-4957-83ED-C205BDE9BEE9}.Debug|x64.ActiveCfg = Debug|x64
		{19C05B9E-8966-4957-83ED-C205BDE9BEE9}.Debug|x64.Build.0 = Debug|x64
		{19C05B9E-8966-4957-83ED-C205BDE9BEE9}.Debug|x86.ActiveCfg = Debug|Win32
		{19C05B9E-8966-4957-83ED-C205BDE9BEE9}.Debug|x86.Build.0 = Debug|Win32
		{19C05B9E-8966-4957-83ED-C205BDE9BEE9}.Release|x64.ActiveCfg = Release|x64
		{19C05B9E-8966-4957-83ED-C205BDE9BEE9}.Release|x64.Build.0 = Release|x64
		{19C05B9E-8966-4957-83ED-C205BDE9BEE9}.Release|x86.ActiveCfg = Release|Win32
		{19C05B9E-8966-4957-83ED-C205BDE9BEE9}.Release|x86.Build.0 = Release|Win32
		{72F18DD4-72D2-4D02-9B0C-99C155C75A79}.Debug|x64.ActiveCfg = Debug|x64
		{72F18DD4-72D2-4D02-9B0C-99C155C75A79}.Debug|x64.Build.0 = Debug|x64
		{72F18DD4-72D2-4D02-9B0C-99C155C75A79}.Debug|x86.ActiveCfg = Debug|Win32
		{72F18DD4-72D2-4D02-9B0C-99C155C75A79}.Debug|x86.Build.0 = Debug|Win32
		{72F18DD4-72D2-4D02-9B0C-99C155C75A79}.Release|x64.ActiveCfg = Release|x64
		{72F18DD4-72D2-4D02-9B0C-99C155C75A79}.Release|x64.Build.0 = Release|x64
		{72F18DD4-72D2-4D02-9B0C-99C155C75A79}.Release|x86.ActiveCfg = Release|Win32
		{72F18DD4-72D2-4D02-9B0C-99C155C75A79}.Release|x86.Build.0 = Release|Win32
		{ED74A44A-DF67-434A-AAD6-722839BDF03B}.Debug|x64.ActiveCfg = Debug|x64
		{ED74A44A-DF67-434A-AAD6-722839BDF03B}.Debug|x64.Build.0 = Debug|x64
		{ED74A44A-DF67-434A-AAD6-722839BDF03B}.Debug|x86.ActiveCfg = Debug|Win32
		{ED74A44A-DF67-434A-AAD6-722839BDF03B}.Debug|x86.Build.0 = Debug|Win32
		{ED74A44A-DF67-434A-AAD6-722839BDF03B}.Release|x64.ActiveCfg = Release|x64
		{ED74A44A-DF67-434A-AAD6-722839BDF03B}.Release|x64.Build.0 = Release|x64
		{ED74A44A-DF67-434A-AAD6-722839BDF03B}.Release|x86.ActiveCfg = Release|Win32
		{ED74A44A-DF67-434A-AAD6-722839BDF03B}.Release|x86.Build.0 = Release|Win32
	EndGlobalSection
	GlobalSection(SolutionProperties) = preSolution
		HideSolutionNode = FALSE
	EndGlobalSection
	GlobalSection(ExtensibilityGlobals) = postSolution
		SolutionGuid = {25219907-31E2-42B8-9CFE-C4FF9F385ED8}
	EndGlobalSection
EndGlobal
