
Microsoft Visual Studio Solution File, Format Version 12.00
# Visual Studio 14
VisualStudioVersion = 14.0.25420.1
MinimumVisualStudioVersion = 10.0.40219.1
Project("{8BC9CEB8-8B4A-11D0-8D11-00A0C91BC942}") = "Generator", "Generator\Generator.vcxproj", "{A264CDE5-228E-48AB-89E2-0B5B6DE63229}"
EndProject
Project("{8BC9CEB8-8B4A-11D0-8D11-00A0C91BC942}") = "Sequence", "Sequence\Sequence.vcxproj", "{2EDF5332-70A5-4E12-91BD-022D45B8399D}"
EndProject
Project("{8BC9CEB8-8B4A-11D0-8D11-00A0C91BC942}") = "Parallel", "Parallel\Parallel.vcxproj", "{7FCD6451-848D-47E9-8DAF-CABAFB9077FF}"
EndProject
Project("{8BC9CEB8-8B4A-11D0-8D11-00A0C91BC942}") = "Checker", "Checker\Checker.vcxproj", "{0C597FBA-8CEF-4226-B33E-59C6CF516C87}"
EndProject
Project("{8BC9CEB8-8B4A-11D0-8D11-00A0C91BC942}") = "Serialize", "Serialize\Serialize.vcxproj", "{DA13C43D-B4A0-448D-8B6F-28F6AC21C704}"
EndProject
Project("{8BC9CEB8-8B4A-11D0-8D11-00A0C91BC942}") = "Deserialize", "Deserialize\Deserialize.vcxproj", "{2EE27A49-4E08-4929-AED8-473E63C61F4F}"
EndProject
Project("{8BC9CEB8-8B4A-11D0-8D11-00A0C91BC942}") = "Reference", "Reference\Reference.vcxproj", "{8FA657CE-7B1F-460B-A793-6E7A1E380326}"
EndProject
Global
	GlobalSection(SolutionConfigurationPlatforms) = preSolution
		Debug|x64 = Debug|x64
		Debug|x86 = Debug|x86
		Release|x64 = Release|x64
		Release|x86 = Release|x86
	EndGlobalSection
	GlobalSection(ProjectConfigurationPlatforms) = postSolution
		{A264CDE5-228E-48AB-89E2-0B5B6DE63229}.Debug|x64.ActiveCfg = Debug|x64
		{A264CDE5-228E-48AB-89E2-0B5B6DE63229}.Debug|x64.Build.0 = Debug|x64
		{A264CDE5-228E-48AB-89E2-0B5B6DE63229}.Debug|x86.ActiveCfg = Debug|Win32
		{A264CDE5-228E-48AB-89E2-0B5B6DE63229}.Debug|x86.Build.0 = Debug|Win32
		{A264CDE5-228E-48AB-89E2-0B5B6DE63229}.Release|x64.ActiveCfg = Release|x64
		{A264CDE5-228E-48AB-89E2-0B5B6DE63229}.Release|x64.Build.0 = Release|x64
		{A264CDE5-228E-48AB-89E2-0B5B6DE63229}.Release|x86.ActiveCfg = Release|Win32
		{A264CDE5-228E-48AB-89E2-0B5B6DE63229}.Release|x86.Build.0 = Release|Win32
		{2EDF5332-70A5-4E12-91BD-022D45B8399D}.Debug|x64.ActiveCfg = Debug|x64
		{2EDF5332-70A5-4E12-91BD-022D45B8399D}.Debug|x64.Build.0 = Debug|x64
		{2EDF5332-70A5-4E12-91BD-022D45B8399D}.Debug|x86.ActiveCfg = Debug|Win32
		{2EDF5332-70A5-4E12-91BD-022D45B8399D}.Debug|x86.Build.0 = Debug|Win32
		{2EDF5332-70A5-4E12-91BD-022D45B8399D}.Release|x64.ActiveCfg = Release|x64
		{2EDF5332-70A5-4E12-91BD-022D45B8399D}.Release|x64.Build.0 = Release|x64
		{2EDF5332-70A5-4E12-91BD-022D45B8399D}.Release|x86.ActiveCfg = Release|Win32
		{2EDF5332-70A5-4E12-91BD-022D45B8399D}.Release|x86.Build.0 = Release|Win32
		{7FCD6451-848D-47E9-8DAF-CABAFB9077FF}.Debug|x64.ActiveCfg = Debug|x64
		{7FCD6451-848D-47E9-8DAF-CABAFB9077FF}.Debug|x64.Build.0 = Debug|x64
		{7FCD6451-848D-47E9-8DAF-CABAFB9077FF}.Debug|x86.ActiveCfg = Debug|Win32
		{7FCD6451-848D-47E9-8DAF-CABAFB9077FF}.Debug|x86.Build.0 = Debug|Win32
		{7FCD6451-848D-47E9-8DAF-CABAFB9077FF}.Release|x64.ActiveCfg = Release|x64
		{7FCD6451-848D-47E9-8DAF-CABAFB9077FF}.Release|x64.Build.0 = Release|x64
		{7FCD6451-848D-47E9-8DAF-CABAFB9077FF}.Release|x86.ActiveCfg = Release|Win32
		{7FCD6451-848D-47E9-8DAF-CABAFB9077FF}.Release|x86.Build.0 = Release|Win32
		{0C597FBA-8CEF-4226-B33E-59C6CF516C87}.Debug|x64.ActiveCfg = Debug|x64
		{0C597FBA-8CEF-4226-B33E-59C6CF516C87}.Debug|x64.Build.0 = Debug|x64
		{0C597FBA-8CEF-4226-B33E-59C6CF516C87}.Debug|x86.ActiveCfg = Debug|Win32
		{0C597FBA-8CEF-4226-B33E-59C6CF516C87}.Debug|x86.Build.0 = Debug|Win32
		{0C597FBA-8CEF-4226-B33E-59C6CF516C87}.Release|x64.ActiveCfg = Release|x64
		{0C597FBA-8CEF-4226-B33E-59C6CF516C87}.Release|x64.Build.0 = Release|x64
		{0C597FBA-8CEF-4226-B33E-59C6CF516C87}.Release|x86.ActiveCfg = Release|Win32
		{0C597FBA-8CEF-4226-B33E-59C6CF516C87}.Release|x86.Build.0 = Release|Win32
		{DA13C43D-B4A0-448D-8B6F-28F6AC21C704}.Debug|x64.ActiveCfg = Debug|x64
		{DA13C43D-B4A0-448D-8B6F-28F6AC21C704}.Debug|x64.Build.0 = Debug|x64
		{DA13C43D-B4A0-448D-8B6F-28F6AC21C704}.Debug|x86.ActiveCfg = Debug|Win32
		{DA13C43D-B4A0-448D-8B6F-28F6AC21C704}.Debug|x86.Build.0 = Debug|Win32
		{DA13C43D-B4A0-448D-8B6F-28F6AC21C704}.Release|x64.ActiveCfg = Release|x64
		{DA13C43D-B4A0-448D-8B6F-28F6AC21C704}.Release|x64.Build.0 = Release|x64
		{DA13C43D-B4A0-448D-8B6F-28F6AC21C704}.Release|x86.ActiveCfg = Release|Win32
		{DA13C43D-B4A0-448D-8B6F-28F6AC21C704}.Release|x86.Build.0 = Release|Win32
		{2EE27A49-4E08-4929-AED8-473E63C61F4F}.Debug|x64.ActiveCfg = Debug|x64
		{2EE27A49-4E08-4929-AED8-473E63C61F4F}.Debug|x64.Build.0 = Debug|x64
		{2EE27A49-4E08-4929-AED8-473E63C61F4F}.Debug|x86.ActiveCfg = Debug|Win32
		{2EE27A49-4E08-4929-AED8-473E63C61F4F}.Debug|x86.Build.0 = Debug|Win32
		{2EE27A49-4E08-4929-AED8-473E63C61F4F}.Release|x64.ActiveCfg = Release|x64
		{2EE27A49-4E08-4929-AED8-473E63C61F4F}.Release|x64.Build.0 = Release|x64
		{2EE27A49-4E08-4929-AED8-473E63C61F4F}.Release|x86.ActiveCfg = Release|Win32
		{2EE27A49-4E08-4929-AED8-473E63C61F4F}.Release|x86.Build.0 = Release|Win32
		{8FA657CE-7B1F-460B-A793-6E7A1E380326}.Debug|x64.ActiveCfg = Debug|x64
		{8FA657CE-7B1F-460B-A793-6E7A1E380326}.Debug|x64.Build.0 = Debug|x64
		{8FA657CE-7B1F-460B-A793-6E7A1E380326}.Debug|x86.ActiveCfg = Debug|Win32
		{8FA657CE-7B1F-460B-A793-6E7A1E380326}.Debug|x86.Build.0 = Debug|Win32
		{8FA657CE-7B1F-460B-A793-6E7A1E380326}.Release|x64.ActiveCfg = Release|x64
		{8FA657CE-7B1F-460B-A793-6E7A1E380326}.Release|x64.Build.0 = Release|x64
		{8FA657CE-7B1F-460B-A793-6E7A1E380326}.Release|x86.ActiveCfg = Release|Win32
		{8FA657CE-7B1F-460B-A793-6E7A1E380326}.Release|x86.Build.0 = Release|Win32
	EndGlobalSection
	GlobalSection(SolutionProperties) = preSolution
		HideSolutionNode = FALSE
	EndGlobalSection
EndGlobal
