
Microsoft Visual Studio Solution File, Format Version 12.00
# Visual Studio 2013
VisualStudioVersion = 12.0.31101.0
MinimumVisualStudioVersion = 10.0.40219.1
Project("{8BC9CEB8-8B4A-11D0-8D11-00A0C91BC942}") = "solver", "solver\solver.vcxproj", "{ED9C7742-8B6C-4472-B2F4-AD8098EF185C}"
EndProject
Project("{8BC9CEB8-8B4A-11D0-8D11-00A0C91BC942}") = "generator", "generator\generator.vcxproj", "{15884A6F-4773-411A-BFC0-82A5E2F91371}"
EndProject
Project("{8BC9CEB8-8B4A-11D0-8D11-00A0C91BC942}") = "deserializer", "deserializer\deserializer.vcxproj", "{B7EC69B6-E7BF-4AA5-AEB8-28655ED22173}"
EndProject
Project("{8BC9CEB8-8B4A-11D0-8D11-00A0C91BC942}") = "serializer", "serializer\serializer.vcxproj", "{EC5F85B5-6D23-4512-98C0-23B9F387EDD6}"
EndProject
Project("{8BC9CEB8-8B4A-11D0-8D11-00A0C91BC942}") = "checker", "checker\checker.vcxproj", "{AE0ED4BF-1F53-4E9F-A34D-C7573BCD25A2}"
EndProject
Global
	GlobalSection(SolutionConfigurationPlatforms) = preSolution
		Debug|Win32 = Debug|Win32
		Release|Win32 = Release|Win32
	EndGlobalSection
	GlobalSection(ProjectConfigurationPlatforms) = postSolution
		{ED9C7742-8B6C-4472-B2F4-AD8098EF185C}.Debug|Win32.ActiveCfg = Debug|Win32
		{ED9C7742-8B6C-4472-B2F4-AD8098EF185C}.Debug|Win32.Build.0 = Debug|Win32
		{ED9C7742-8B6C-4472-B2F4-AD8098EF185C}.Release|Win32.ActiveCfg = Release|Win32
		{ED9C7742-8B6C-4472-B2F4-AD8098EF185C}.Release|Win32.Build.0 = Release|Win32
		{15884A6F-4773-411A-BFC0-82A5E2F91371}.Debug|Win32.ActiveCfg = Debug|Win32
		{15884A6F-4773-411A-BFC0-82A5E2F91371}.Debug|Win32.Build.0 = Debug|Win32
		{15884A6F-4773-411A-BFC0-82A5E2F91371}.Release|Win32.ActiveCfg = Release|Win32
		{15884A6F-4773-411A-BFC0-82A5E2F91371}.Release|Win32.Build.0 = Release|Win32
		{B7EC69B6-E7BF-4AA5-AEB8-28655ED22173}.Debug|Win32.ActiveCfg = Debug|Win32
		{B7EC69B6-E7BF-4AA5-AEB8-28655ED22173}.Debug|Win32.Build.0 = Debug|Win32
		{B7EC69B6-E7BF-4AA5-AEB8-28655ED22173}.Release|Win32.ActiveCfg = Release|Win32
		{B7EC69B6-E7BF-4AA5-AEB8-28655ED22173}.Release|Win32.Build.0 = Release|Win32
		{EC5F85B5-6D23-4512-98C0-23B9F387EDD6}.Debug|Win32.ActiveCfg = Debug|Win32
		{EC5F85B5-6D23-4512-98C0-23B9F387EDD6}.Debug|Win32.Build.0 = Debug|Win32
		{EC5F85B5-6D23-4512-98C0-23B9F387EDD6}.Release|Win32.ActiveCfg = Release|Win32
		{EC5F85B5-6D23-4512-98C0-23B9F387EDD6}.Release|Win32.Build.0 = Release|Win32
		{AE0ED4BF-1F53-4E9F-A34D-C7573BCD25A2}.Debug|Win32.ActiveCfg = Debug|Win32
		{AE0ED4BF-1F53-4E9F-A34D-C7573BCD25A2}.Debug|Win32.Build.0 = Debug|Win32
		{AE0ED4BF-1F53-4E9F-A34D-C7573BCD25A2}.Release|Win32.ActiveCfg = Release|Win32
		{AE0ED4BF-1F53-4E9F-A34D-C7573BCD25A2}.Release|Win32.Build.0 = Release|Win32
	EndGlobalSection
	GlobalSection(SolutionProperties) = preSolution
		HideSolutionNode = FALSE
	EndGlobalSection
EndGlobal
